
Microsoft Visual Studio Solution File, Format Version 12.00
# Visual Studio Version 17
VisualStudioVersion = 17.4.33213.308
MinimumVisualStudioVersion = 10.0.40219.1
Project("{9A19103F-16F7-4668-BE54-9A1E7A4F7556}") = "1_SuperCanard", "SuperCanard\1_SuperCanard.csproj", "{74881C08-129F-401E-9961-8CE5379BD34C}"
EndProject
Project("{9A19103F-16F7-4668-BE54-9A1E7A4F7556}") = "1_TestCanard", "TestCanard\1_TestCanard.csproj", "{ACCCBD3E-65D4-429E-8E64-E65DC5A6DFF2}"
EndProject
Project("{9A19103F-16F7-4668-BE54-9A1E7A4F7556}") = "2_MeteoExpress", "1_MeteoExpress\2_MeteoExpress.csproj", "{67A401A4-2393-4238-94B0-283AC787D23A}"
EndProject
Project("{9A19103F-16F7-4668-BE54-9A1E7A4F7556}") = "3_Decorateur", "3_Decorateur\3_Decorateur.csproj", "{F05FA7B7-3744-4D92-8013-1A191BB0C77C}"
EndProject
Project("{9A19103F-16F7-4668-BE54-9A1E7A4F7556}") = "4_Factory", "4_Factory\4_Factory.csproj", "{162E8EAF-6864-453B-A2C2-49BE71757CBE}"
EndProject
Project("{9A19103F-16F7-4668-BE54-9A1E7A4F7556}") = "5_Commande", "5_Commande\5_Commande.csproj", "{7195A64A-F9CA-43E8-A29B-033D4F60F48D}"
EndProject
Project("{FAE04EC0-301F-11D3-BF4B-00C04F79EFBC}") = "6_Adaptateur", "6_Adaptateur\6_Adaptateur.csproj", "{7BC85D1E-1238-4604-AB1A-C2DBC5CA152E}"
EndProject
Global
	GlobalSection(SolutionConfigurationPlatforms) = preSolution
		Debug|Any CPU = Debug|Any CPU
		Release|Any CPU = Release|Any CPU
	EndGlobalSection
	GlobalSection(ProjectConfigurationPlatforms) = postSolution
		{74881C08-129F-401E-9961-8CE5379BD34C}.Debug|Any CPU.ActiveCfg = Debug|Any CPU
		{74881C08-129F-401E-9961-8CE5379BD34C}.Debug|Any CPU.Build.0 = Debug|Any CPU
		{74881C08-129F-401E-9961-8CE5379BD34C}.Release|Any CPU.ActiveCfg = Release|Any CPU
		{74881C08-129F-401E-9961-8CE5379BD34C}.Release|Any CPU.Build.0 = Release|Any CPU
		{ACCCBD3E-65D4-429E-8E64-E65DC5A6DFF2}.Debug|Any CPU.ActiveCfg = Debug|Any CPU
		{ACCCBD3E-65D4-429E-8E64-E65DC5A6DFF2}.Debug|Any CPU.Build.0 = Debug|Any CPU
		{ACCCBD3E-65D4-429E-8E64-E65DC5A6DFF2}.Release|Any CPU.ActiveCfg = Release|Any CPU
		{ACCCBD3E-65D4-429E-8E64-E65DC5A6DFF2}.Release|Any CPU.Build.0 = Release|Any CPU
		{67A401A4-2393-4238-94B0-283AC787D23A}.Debug|Any CPU.ActiveCfg = Debug|Any CPU
		{67A401A4-2393-4238-94B0-283AC787D23A}.Debug|Any CPU.Build.0 = Debug|Any CPU
		{67A401A4-2393-4238-94B0-283AC787D23A}.Release|Any CPU.ActiveCfg = Release|Any CPU
		{67A401A4-2393-4238-94B0-283AC787D23A}.Release|Any CPU.Build.0 = Release|Any CPU
		{F05FA7B7-3744-4D92-8013-1A191BB0C77C}.Debug|Any CPU.ActiveCfg = Debug|Any CPU
		{F05FA7B7-3744-4D92-8013-1A191BB0C77C}.Debug|Any CPU.Build.0 = Debug|Any CPU
		{F05FA7B7-3744-4D92-8013-1A191BB0C77C}.Release|Any CPU.ActiveCfg = Release|Any CPU
		{F05FA7B7-3744-4D92-8013-1A191BB0C77C}.Release|Any CPU.Build.0 = Release|Any CPU
		{162E8EAF-6864-453B-A2C2-49BE71757CBE}.Debug|Any CPU.ActiveCfg = Debug|Any CPU
		{162E8EAF-6864-453B-A2C2-49BE71757CBE}.Debug|Any CPU.Build.0 = Debug|Any CPU
		{162E8EAF-6864-453B-A2C2-49BE71757CBE}.Release|Any CPU.ActiveCfg = Release|Any CPU
		{162E8EAF-6864-453B-A2C2-49BE71757CBE}.Release|Any CPU.Build.0 = Release|Any CPU
		{7195A64A-F9CA-43E8-A29B-033D4F60F48D}.Debug|Any CPU.ActiveCfg = Debug|Any CPU
		{7195A64A-F9CA-43E8-A29B-033D4F60F48D}.Debug|Any CPU.Build.0 = Debug|Any CPU
		{7195A64A-F9CA-43E8-A29B-033D4F60F48D}.Release|Any CPU.ActiveCfg = Release|Any CPU
		{7195A64A-F9CA-43E8-A29B-033D4F60F48D}.Release|Any CPU.Build.0 = Release|Any CPU
		{7BC85D1E-1238-4604-AB1A-C2DBC5CA152E}.Debug|Any CPU.ActiveCfg = Debug|Any CPU
		{7BC85D1E-1238-4604-AB1A-C2DBC5CA152E}.Debug|Any CPU.Build.0 = Debug|Any CPU
		{7BC85D1E-1238-4604-AB1A-C2DBC5CA152E}.Release|Any CPU.ActiveCfg = Release|Any CPU
		{7BC85D1E-1238-4604-AB1A-C2DBC5CA152E}.Release|Any CPU.Build.0 = Release|Any CPU
	EndGlobalSection
	GlobalSection(SolutionProperties) = preSolution
		HideSolutionNode = FALSE
	EndGlobalSection
	GlobalSection(ExtensibilityGlobals) = postSolution
		SolutionGuid = {9315AC5A-3910-4667-946A-63C7BE847474}
	EndGlobalSection
EndGlobal
